// !$*UTF8*$!
{
	archiveVersion = 1;
	classes = {
	};
	objectVersion = 46;
	objects = {

/* Begin PBXBuildFile section */
		18115B251A601CEC001CB7C4 /* leftImage02.png in Resources */ = {isa = PBXBuildFile; fileRef = 18115B1F1A601CEC001CB7C4 /* leftImage02.png */; };
		18115B261A601CEC001CB7C4 /* leftImage03.png in Resources */ = {isa = PBXBuildFile; fileRef = 18115B201A601CEC001CB7C4 /* leftImage03.png */; };
		18115B271A601CEC001CB7C4 /* rightImage02.png in Resources */ = {isa = PBXBuildFile; fileRef = 18115B211A601CEC001CB7C4 /* rightImage02.png */; };
		18115B281A601CEC001CB7C4 /* rightImage03.png in Resources */ = {isa = PBXBuildFile; fileRef = 18115B221A601CEC001CB7C4 /* rightImage03.png */; };
		18115B291A601CEC001CB7C4 /* leftImage01.png in Resources */ = {isa = PBXBuildFile; fileRef = 18115B231A601CEC001CB7C4 /* leftImage01.png */; };
		18115B2A1A601CEC001CB7C4 /* rightImage01.png in Resources */ = {isa = PBXBuildFile; fileRef = 18115B241A601CEC001CB7C4 /* rightImage01.png */; };
		18BD52991A5ED7E200CA8589 /* CheckMarkListView.m in Sources */ = {isa = PBXBuildFile; fileRef = 18BD52981A5ED7E200CA8589 /* CheckMarkListView.m */; };
		18BD529C1A5ED80A00CA8589 /* CheckMarkItemView.m in Sources */ = {isa = PBXBuildFile; fileRef = 18BD529B1A5ED80A00CA8589 /* CheckMarkItemView.m */; };
		18BD529F1A5EDEDA00CA8589 /* ic_checked@2x.png in Resources */ = {isa = PBXBuildFile; fileRef = 18BD529D1A5EDEDA00CA8589 /* ic_checked@2x.png */; };
		18BD52A01A5EDEDA00CA8589 /* ic_unCheck@2x.png in Resources */ = {isa = PBXBuildFile; fileRef = 18BD529E1A5EDEDA00CA8589 /* ic_unCheck@2x.png */; };
		18BD52A21A5F541000CA8589 /* GameData.plist in Resources */ = {isa = PBXBuildFile; fileRef = 18BD52A11A5F541000CA8589 /* GameData.plist */; };
		18BD52A51A5F587E00CA8589 /* GameLevel.m in Sources */ = {isa = PBXBuildFile; fileRef = 18BD52A41A5F587E00CA8589 /* GameLevel.m */; };
		18C314221A5D8A9C00AA78DA /* main.m in Sources */ = {isa = PBXBuildFile; fileRef = 18C314211A5D8A9C00AA78DA /* main.m */; };
		18C314251A5D8A9C00AA78DA /* AppDelegate.m in Sources */ = {isa = PBXBuildFile; fileRef = 18C314241A5D8A9C00AA78DA /* AppDelegate.m */; };
		18C314281A5D8A9C00AA78DA /* ViewController.m in Sources */ = {isa = PBXBuildFile; fileRef = 18C314271A5D8A9C00AA78DA /* ViewController.m */; };
		18C3142B1A5D8A9C00AA78DA /* Main.storyboard in Resources */ = {isa = PBXBuildFile; fileRef = 18C314291A5D8A9C00AA78DA /* Main.storyboard */; };
		18C3142D1A5D8A9C00AA78DA /* Images.xcassets in Resources */ = {isa = PBXBuildFile; fileRef = 18C3142C1A5D8A9C00AA78DA /* Images.xcassets */; };
		18C314301A5D8A9C00AA78DA /* LaunchScreen.xib in Resources */ = {isa = PBXBuildFile; fileRef = 18C3142E1A5D8A9C00AA78DA /* LaunchScreen.xib */; };
		18C3143C1A5D8A9C00AA78DA /* PicDifferentTests.m in Sources */ = {isa = PBXBuildFile; fileRef = 18C3143B1A5D8A9C00AA78DA /* PicDifferentTests.m */; };
		18C314481A5D8F2E00AA78DA /* TouchedImageView.m in Sources */ = {isa = PBXBuildFile; fileRef = 18C314471A5D8F2E00AA78DA /* TouchedImageView.m */; };
		18C3144C1A5D905300AA78DA /* MapImageData.m in Sources */ = {isa = PBXBuildFile; fileRef = 18C3144B1A5D905300AA78DA /* MapImageData.m */; };
		18C3144F1A5D907B00AA78DA /* MarkPosition.m in Sources */ = {isa = PBXBuildFile; fileRef = 18C3144E1A5D907B00AA78DA /* MarkPosition.m */; };
		18C314531A5D948600AA78DA /* ic_circle_check_mark@2x.png in Resources */ = {isa = PBXBuildFile; fileRef = 18C314521A5D948600AA78DA /* ic_circle_check_mark@2x.png */; };
		18C3145A1A5D9AB700AA78DA /* ic_refresh@2x.png in Resources */ = {isa = PBXBuildFile; fileRef = 18C314591A5D9AB700AA78DA /* ic_refresh@2x.png */; };
		A4BC6EED1A64EE2D00DAB499 /* libGoogleAdMobAds.a in Frameworks */ = {isa = PBXBuildFile; fileRef = A4BC6EEC1A64EE2D00DAB499 /* libGoogleAdMobAds.a */; };
		A4BC6EEF1A64F71C00DAB499 /* AdSupport.framework in Frameworks */ = {isa = PBXBuildFile; fileRef = A4BC6EEE1A64F71C00DAB499 /* AdSupport.framework */; };
		A4BC6EF11A64F72200DAB499 /* AudioToolbox.framework in Frameworks */ = {isa = PBXBuildFile; fileRef = A4BC6EF01A64F72200DAB499 /* AudioToolbox.framework */; };
		A4BC6EF31A64F72E00DAB499 /* AVFoundation.framework in Frameworks */ = {isa = PBXBuildFile; fileRef = A4BC6EF21A64F72E00DAB499 /* AVFoundation.framework */; };
		A4BC6EF51A64F73600DAB499 /* CoreGraphics.framework in Frameworks */ = {isa = PBXBuildFile; fileRef = A4BC6EF41A64F73600DAB499 /* CoreGraphics.framework */; };
		A4BC6EF71A64F74000DAB499 /* CoreTelephony.framework in Frameworks */ = {isa = PBXBuildFile; fileRef = A4BC6EF61A64F74000DAB499 /* CoreTelephony.framework */; };
		A4BC6EFA1A64F74C00DAB499 /* EventKit.framework in Frameworks */ = {isa = PBXBuildFile; fileRef = A4BC6EF81A64F74C00DAB499 /* EventKit.framework */; };
		A4BC6EFB1A64F74C00DAB499 /* EventKitUI.framework in Frameworks */ = {isa = PBXBuildFile; fileRef = A4BC6EF91A64F74C00DAB499 /* EventKitUI.framework */; };
		A4BC6EFD1A64F8AA00DAB499 /* MessageUI.framework in Frameworks */ = {isa = PBXBuildFile; fileRef = A4BC6EFC1A64F8AA00DAB499 /* MessageUI.framework */; };
		A4BC6EFF1A64F8AF00DAB499 /* StoreKit.framework in Frameworks */ = {isa = PBXBuildFile; fileRef = A4BC6EFE1A64F8AF00DAB499 /* StoreKit.framework */; };
		A4BC6F011A6501B600DAB499 /* SystemConfiguration.framework in Frameworks */ = {isa = PBXBuildFile; fileRef = A4BC6F001A6501B600DAB499 /* SystemConfiguration.framework */; };
/* End PBXBuildFile section */

/* Begin PBXContainerItemProxy section */
		18C314361A5D8A9C00AA78DA /* PBXContainerItemProxy */ = {
			isa = PBXContainerItemProxy;
			containerPortal = 18C314141A5D8A9C00AA78DA /* Project object */;
			proxyType = 1;
			remoteGlobalIDString = 18C3141B1A5D8A9C00AA78DA;
			remoteInfo = PicDifferent;
		};
/* End PBXContainerItemProxy section */

/* Begin PBXFileReference section */
		18115B1F1A601CEC001CB7C4 /* leftImage02.png */ = {isa = PBXFileReference; lastKnownFileType = image.png; path = leftImage02.png; sourceTree = "<group>"; };
		18115B201A601CEC001CB7C4 /* leftImage03.png */ = {isa = PBXFileReference; lastKnownFileType = image.png; path = leftImage03.png; sourceTree = "<group>"; };
		18115B211A601CEC001CB7C4 /* rightImage02.png */ = {isa = PBXFileReference; lastKnownFileType = image.png; path = rightImage02.png; sourceTree = "<group>"; };
		18115B221A601CEC001CB7C4 /* rightImage03.png */ = {isa = PBXFileReference; lastKnownFileType = image.png; path = rightImage03.png; sourceTree = "<group>"; };
		18115B231A601CEC001CB7C4 /* leftImage01.png */ = {isa = PBXFileReference; lastKnownFileType = image.png; path = leftImage01.png; sourceTree = "<group>"; };
		18115B241A601CEC001CB7C4 /* rightImage01.png */ = {isa = PBXFileReference; lastKnownFileType = image.png; path = rightImage01.png; sourceTree = "<group>"; };
		18BD52971A5ED7E200CA8589 /* CheckMarkListView.h */ = {isa = PBXFileReference; fileEncoding = 4; lastKnownFileType = sourcecode.c.h; name = CheckMarkListView.h; path = CustomViews/CheckMarkListView.h; sourceTree = "<group>"; };
		18BD52981A5ED7E200CA8589 /* CheckMarkListView.m */ = {isa = PBXFileReference; fileEncoding = 4; lastKnownFileType = sourcecode.c.objc; name = CheckMarkListView.m; path = CustomViews/CheckMarkListView.m; sourceTree = "<group>"; };
		18BD529A1A5ED80A00CA8589 /* CheckMarkItemView.h */ = {isa = PBXFileReference; fileEncoding = 4; lastKnownFileType = sourcecode.c.h; name = CheckMarkItemView.h; path = CustomViews/CheckMarkItemView.h; sourceTree = "<group>"; };
		18BD529B1A5ED80A00CA8589 /* CheckMarkItemView.m */ = {isa = PBXFileReference; fileEncoding = 4; lastKnownFileType = sourcecode.c.objc; name = CheckMarkItemView.m; path = CustomViews/CheckMarkItemView.m; sourceTree = "<group>"; };
		18BD529D1A5EDEDA00CA8589 /* ic_checked@2x.png */ = {isa = PBXFileReference; lastKnownFileType = image.png; path = "ic_checked@2x.png"; sourceTree = "<group>"; };
		18BD529E1A5EDEDA00CA8589 /* ic_unCheck@2x.png */ = {isa = PBXFileReference; lastKnownFileType = image.png; path = "ic_unCheck@2x.png"; sourceTree = "<group>"; };
		18BD52A11A5F541000CA8589 /* GameData.plist */ = {isa = PBXFileReference; fileEncoding = 4; lastKnownFileType = text.plist.xml; path = GameData.plist; sourceTree = "<group>"; };
		18BD52A31A5F587E00CA8589 /* GameLevel.h */ = {isa = PBXFileReference; fileEncoding = 4; lastKnownFileType = sourcecode.c.h; path = GameLevel.h; sourceTree = "<group>"; };
		18BD52A41A5F587E00CA8589 /* GameLevel.m */ = {isa = PBXFileReference; fileEncoding = 4; lastKnownFileType = sourcecode.c.objc; path = GameLevel.m; sourceTree = "<group>"; };
		18C3141C1A5D8A9C00AA78DA /* PicDifferent.app */ = {isa = PBXFileReference; explicitFileType = wrapper.application; includeInIndex = 0; path = PicDifferent.app; sourceTree = BUILT_PRODUCTS_DIR; };
		18C314201A5D8A9C00AA78DA /* Info.plist */ = {isa = PBXFileReference; lastKnownFileType = text.plist.xml; path = Info.plist; sourceTree = "<group>"; };
		18C314211A5D8A9C00AA78DA /* main.m */ = {isa = PBXFileReference; lastKnownFileType = sourcecode.c.objc; path = main.m; sourceTree = "<group>"; };
		18C314231A5D8A9C00AA78DA /* AppDelegate.h */ = {isa = PBXFileReference; lastKnownFileType = sourcecode.c.h; path = AppDelegate.h; sourceTree = "<group>"; };
		18C314241A5D8A9C00AA78DA /* AppDelegate.m */ = {isa = PBXFileReference; lastKnownFileType = sourcecode.c.objc; path = AppDelegate.m; sourceTree = "<group>"; };
		18C314261A5D8A9C00AA78DA /* ViewController.h */ = {isa = PBXFileReference; lastKnownFileType = sourcecode.c.h; path = ViewController.h; sourceTree = "<group>"; };
		18C314271A5D8A9C00AA78DA /* ViewController.m */ = {isa = PBXFileReference; lastKnownFileType = sourcecode.c.objc; path = ViewController.m; sourceTree = "<group>"; };
		18C3142A1A5D8A9C00AA78DA /* Base */ = {isa = PBXFileReference; lastKnownFileType = file.storyboard; name = Base; path = Base.lproj/Main.storyboard; sourceTree = "<group>"; };
		18C3142C1A5D8A9C00AA78DA /* Images.xcassets */ = {isa = PBXFileReference; lastKnownFileType = folder.assetcatalog; path = Images.xcassets; sourceTree = "<group>"; };
		18C3142F1A5D8A9C00AA78DA /* Base */ = {isa = PBXFileReference; lastKnownFileType = file.xib; name = Base; path = Base.lproj/LaunchScreen.xib; sourceTree = "<group>"; };
		18C314351A5D8A9C00AA78DA /* PicDifferentTests.xctest */ = {isa = PBXFileReference; explicitFileType = wrapper.cfbundle; includeInIndex = 0; path = PicDifferentTests.xctest; sourceTree = BUILT_PRODUCTS_DIR; };
		18C3143A1A5D8A9C00AA78DA /* Info.plist */ = {isa = PBXFileReference; lastKnownFileType = text.plist.xml; path = Info.plist; sourceTree = "<group>"; };
		18C3143B1A5D8A9C00AA78DA /* PicDifferentTests.m */ = {isa = PBXFileReference; lastKnownFileType = sourcecode.c.objc; path = PicDifferentTests.m; sourceTree = "<group>"; };
		18C314461A5D8F2E00AA78DA /* TouchedImageView.h */ = {isa = PBXFileReference; fileEncoding = 4; lastKnownFileType = sourcecode.c.h; name = TouchedImageView.h; path = CustomViews/TouchedImageView.h; sourceTree = "<group>"; };
		18C314471A5D8F2E00AA78DA /* TouchedImageView.m */ = {isa = PBXFileReference; fileEncoding = 4; lastKnownFileType = sourcecode.c.objc; name = TouchedImageView.m; path = CustomViews/TouchedImageView.m; sourceTree = "<group>"; };
		18C3144A1A5D905300AA78DA /* MapImageData.h */ = {isa = PBXFileReference; fileEncoding = 4; lastKnownFileType = sourcecode.c.h; name = MapImageData.h; path = Models/MapImageData.h; sourceTree = "<group>"; };
		18C3144B1A5D905300AA78DA /* MapImageData.m */ = {isa = PBXFileReference; fileEncoding = 4; lastKnownFileType = sourcecode.c.objc; name = MapImageData.m; path = Models/MapImageData.m; sourceTree = "<group>"; };
		18C3144D1A5D907B00AA78DA /* MarkPosition.h */ = {isa = PBXFileReference; fileEncoding = 4; lastKnownFileType = sourcecode.c.h; name = MarkPosition.h; path = Models/MarkPosition.h; sourceTree = "<group>"; };
		18C3144E1A5D907B00AA78DA /* MarkPosition.m */ = {isa = PBXFileReference; fileEncoding = 4; lastKnownFileType = sourcecode.c.objc; name = MarkPosition.m; path = Models/MarkPosition.m; sourceTree = "<group>"; };
		18C314521A5D948600AA78DA /* ic_circle_check_mark@2x.png */ = {isa = PBXFileReference; lastKnownFileType = image.png; path = "ic_circle_check_mark@2x.png"; sourceTree = "<group>"; };
		18C314591A5D9AB700AA78DA /* ic_refresh@2x.png */ = {isa = PBXFileReference; lastKnownFileType = image.png; path = "ic_refresh@2x.png"; sourceTree = "<group>"; };
		A4BC6ECE1A64EE2D00DAB499 /* DFPBannerView.h */ = {isa = PBXFileReference; fileEncoding = 4; lastKnownFileType = sourcecode.c.h; path = DFPBannerView.h; sourceTree = "<group>"; };
		A4BC6ECF1A64EE2D00DAB499 /* DFPExtras.h */ = {isa = PBXFileReference; fileEncoding = 4; lastKnownFileType = sourcecode.c.h; path = DFPExtras.h; sourceTree = "<group>"; };
		A4BC6ED01A64EE2D00DAB499 /* DFPInterstitial.h */ = {isa = PBXFileReference; fileEncoding = 4; lastKnownFileType = sourcecode.c.h; path = DFPInterstitial.h; sourceTree = "<group>"; };
		A4BC6ED11A64EE2D00DAB499 /* DFPSwipeableBannerView.h */ = {isa = PBXFileReference; fileEncoding = 4; lastKnownFileType = sourcecode.c.h; path = DFPSwipeableBannerView.h; sourceTree = "<group>"; };
		A4BC6ED21A64EE2D00DAB499 /* GADAdSizeDelegate.h */ = {isa = PBXFileReference; fileEncoding = 4; lastKnownFileType = sourcecode.c.h; path = GADAdSizeDelegate.h; sourceTree = "<group>"; };
		A4BC6ED31A64EE2D00DAB499 /* GADAppEventDelegate.h */ = {isa = PBXFileReference; fileEncoding = 4; lastKnownFileType = sourcecode.c.h; path = GADAppEventDelegate.h; sourceTree = "<group>"; };
		A4BC6ED41A64EE2D00DAB499 /* GADSwipeableBannerViewDelegate.h */ = {isa = PBXFileReference; fileEncoding = 4; lastKnownFileType = sourcecode.c.h; path = GADSwipeableBannerViewDelegate.h; sourceTree = "<group>"; };
		A4BC6ED61A64EE2D00DAB499 /* GADCustomEventBanner.h */ = {isa = PBXFileReference; fileEncoding = 4; lastKnownFileType = sourcecode.c.h; path = GADCustomEventBanner.h; sourceTree = "<group>"; };
		A4BC6ED71A64EE2D00DAB499 /* GADCustomEventBannerDelegate.h */ = {isa = PBXFileReference; fileEncoding = 4; lastKnownFileType = sourcecode.c.h; path = GADCustomEventBannerDelegate.h; sourceTree = "<group>"; };
		A4BC6ED81A64EE2D00DAB499 /* GADCustomEventExtras.h */ = {isa = PBXFileReference; fileEncoding = 4; lastKnownFileType = sourcecode.c.h; path = GADCustomEventExtras.h; sourceTree = "<group>"; };
		A4BC6ED91A64EE2D00DAB499 /* GADCustomEventInterstitial.h */ = {isa = PBXFileReference; fileEncoding = 4; lastKnownFileType = sourcecode.c.h; path = GADCustomEventInterstitial.h; sourceTree = "<group>"; };
		A4BC6EDA1A64EE2D00DAB499 /* GADCustomEventInterstitialDelegate.h */ = {isa = PBXFileReference; fileEncoding = 4; lastKnownFileType = sourcecode.c.h; path = GADCustomEventInterstitialDelegate.h; sourceTree = "<group>"; };
		A4BC6EDB1A64EE2D00DAB499 /* GADCustomEventRequest.h */ = {isa = PBXFileReference; fileEncoding = 4; lastKnownFileType = sourcecode.c.h; path = GADCustomEventRequest.h; sourceTree = "<group>"; };
		A4BC6EDD1A64EE2D00DAB499 /* GADSearchBannerView.h */ = {isa = PBXFileReference; fileEncoding = 4; lastKnownFileType = sourcecode.c.h; path = GADSearchBannerView.h; sourceTree = "<group>"; };
		A4BC6EDE1A64EE2D00DAB499 /* GADSearchRequest.h */ = {isa = PBXFileReference; fileEncoding = 4; lastKnownFileType = sourcecode.c.h; path = GADSearchRequest.h; sourceTree = "<group>"; };
		A4BC6EDF1A64EE2D00DAB499 /* GADAdMobExtras.h */ = {isa = PBXFileReference; fileEncoding = 4; lastKnownFileType = sourcecode.c.h; path = GADAdMobExtras.h; sourceTree = "<group>"; };
		A4BC6EE01A64EE2D00DAB499 /* GADAdNetworkExtras.h */ = {isa = PBXFileReference; fileEncoding = 4; lastKnownFileType = sourcecode.c.h; path = GADAdNetworkExtras.h; sourceTree = "<group>"; };
		A4BC6EE11A64EE2D00DAB499 /* GADAdSize.h */ = {isa = PBXFileReference; fileEncoding = 4; lastKnownFileType = sourcecode.c.h; path = GADAdSize.h; sourceTree = "<group>"; };
		A4BC6EE21A64EE2D00DAB499 /* GADBannerView.h */ = {isa = PBXFileReference; fileEncoding = 4; lastKnownFileType = sourcecode.c.h; path = GADBannerView.h; sourceTree = "<group>"; };
		A4BC6EE31A64EE2D00DAB499 /* GADBannerViewDelegate.h */ = {isa = PBXFileReference; fileEncoding = 4; lastKnownFileType = sourcecode.c.h; path = GADBannerViewDelegate.h; sourceTree = "<group>"; };
		A4BC6EE41A64EE2D00DAB499 /* GADInAppPurchase.h */ = {isa = PBXFileReference; fileEncoding = 4; lastKnownFileType = sourcecode.c.h; path = GADInAppPurchase.h; sourceTree = "<group>"; };
		A4BC6EE51A64EE2D00DAB499 /* GADInAppPurchaseDelegate.h */ = {isa = PBXFileReference; fileEncoding = 4; lastKnownFileType = sourcecode.c.h; path = GADInAppPurchaseDelegate.h; sourceTree = "<group>"; };
		A4BC6EE61A64EE2D00DAB499 /* GADInterstitial.h */ = {isa = PBXFileReference; fileEncoding = 4; lastKnownFileType = sourcecode.c.h; path = GADInterstitial.h; sourceTree = "<group>"; };
		A4BC6EE71A64EE2D00DAB499 /* GADInterstitialDelegate.h */ = {isa = PBXFileReference; fileEncoding = 4; lastKnownFileType = sourcecode.c.h; path = GADInterstitialDelegate.h; sourceTree = "<group>"; };
		A4BC6EE81A64EE2D00DAB499 /* GADModules.h */ = {isa = PBXFileReference; fileEncoding = 4; lastKnownFileType = sourcecode.c.h; path = GADModules.h; sourceTree = "<group>"; };
		A4BC6EE91A64EE2D00DAB499 /* GADRequest.h */ = {isa = PBXFileReference; fileEncoding = 4; lastKnownFileType = sourcecode.c.h; path = GADRequest.h; sourceTree = "<group>"; };
		A4BC6EEA1A64EE2D00DAB499 /* GADRequestError.h */ = {isa = PBXFileReference; fileEncoding = 4; lastKnownFileType = sourcecode.c.h; path = GADRequestError.h; sourceTree = "<group>"; };
		A4BC6EEC1A64EE2D00DAB499 /* libGoogleAdMobAds.a */ = {isa = PBXFileReference; lastKnownFileType = archive.ar; path = libGoogleAdMobAds.a; sourceTree = "<group>"; };
		A4BC6EEE1A64F71C00DAB499 /* AdSupport.framework */ = {isa = PBXFileReference; lastKnownFileType = wrapper.framework; name = AdSupport.framework; path = System/Library/Frameworks/AdSupport.framework; sourceTree = SDKROOT; };
		A4BC6EF01A64F72200DAB499 /* AudioToolbox.framework */ = {isa = PBXFileReference; lastKnownFileType = wrapper.framework; name = AudioToolbox.framework; path = System/Library/Frameworks/AudioToolbox.framework; sourceTree = SDKROOT; };
		A4BC6EF21A64F72E00DAB499 /* AVFoundation.framework */ = {isa = PBXFileReference; lastKnownFileType = wrapper.framework; name = AVFoundation.framework; path = System/Library/Frameworks/AVFoundation.framework; sourceTree = SDKROOT; };
		A4BC6EF41A64F73600DAB499 /* CoreGraphics.framework */ = {isa = PBXFileReference; lastKnownFileType = wrapper.framework; name = CoreGraphics.framework; path = System/Library/Frameworks/CoreGraphics.framework; sourceTree = SDKROOT; };
		A4BC6EF61A64F74000DAB499 /* CoreTelephony.framework */ = {isa = PBXFileReference; lastKnownFileType = wrapper.framework; name = CoreTelephony.framework; path = System/Library/Frameworks/CoreTelephony.framework; sourceTree = SDKROOT; };
		A4BC6EF81A64F74C00DAB499 /* EventKit.framework */ = {isa = PBXFileReference; lastKnownFileType = wrapper.framework; name = EventKit.framework; path = System/Library/Frameworks/EventKit.framework; sourceTree = SDKROOT; };
		A4BC6EF91A64F74C00DAB499 /* EventKitUI.framework */ = {isa = PBXFileReference; lastKnownFileType = wrapper.framework; name = EventKitUI.framework; path = System/Library/Frameworks/EventKitUI.framework; sourceTree = SDKROOT; };
		A4BC6EFC1A64F8AA00DAB499 /* MessageUI.framework */ = {isa = PBXFileReference; lastKnownFileType = wrapper.framework; name = MessageUI.framework; path = System/Library/Frameworks/MessageUI.framework; sourceTree = SDKROOT; };
		A4BC6EFE1A64F8AF00DAB499 /* StoreKit.framework */ = {isa = PBXFileReference; lastKnownFileType = wrapper.framework; name = StoreKit.framework; path = System/Library/Frameworks/StoreKit.framework; sourceTree = SDKROOT; };
		A4BC6F001A6501B600DAB499 /* SystemConfiguration.framework */ = {isa = PBXFileReference; lastKnownFileType = wrapper.framework; name = SystemConfiguration.framework; path = System/Library/Frameworks/SystemConfiguration.framework; sourceTree = SDKROOT; };
/* End PBXFileReference section */

/* Begin PBXFrameworksBuildPhase section */
		18C314191A5D8A9C00AA78DA /* Frameworks */ = {
			isa = PBXFrameworksBuildPhase;
			buildActionMask = 2147483647;
			files = (
				A4BC6F011A6501B600DAB499 /* SystemConfiguration.framework in Frameworks */,
				A4BC6EFF1A64F8AF00DAB499 /* StoreKit.framework in Frameworks */,
				A4BC6EFD1A64F8AA00DAB499 /* MessageUI.framework in Frameworks */,
				A4BC6EFA1A64F74C00DAB499 /* EventKit.framework in Frameworks */,
				A4BC6EFB1A64F74C00DAB499 /* EventKitUI.framework in Frameworks */,
				A4BC6EF71A64F74000DAB499 /* CoreTelephony.framework in Frameworks */,
				A4BC6EF51A64F73600DAB499 /* CoreGraphics.framework in Frameworks */,
				A4BC6EF31A64F72E00DAB499 /* AVFoundation.framework in Frameworks */,
				A4BC6EF11A64F72200DAB499 /* AudioToolbox.framework in Frameworks */,
				A4BC6EEF1A64F71C00DAB499 /* AdSupport.framework in Frameworks */,
				A4BC6EED1A64EE2D00DAB499 /* libGoogleAdMobAds.a in Frameworks */,
			);
			runOnlyForDeploymentPostprocessing = 0;
		};
		18C314321A5D8A9C00AA78DA /* Frameworks */ = {
			isa = PBXFrameworksBuildPhase;
			buildActionMask = 2147483647;
			files = (
			);
			runOnlyForDeploymentPostprocessing = 0;
		};
/* End PBXFrameworksBuildPhase section */

/* Begin PBXGroup section */
		18C314131A5D8A9C00AA78DA = {
			isa = PBXGroup;
			children = (
				A4BC6F001A6501B600DAB499 /* SystemConfiguration.framework */,
				A4BC6EFE1A64F8AF00DAB499 /* StoreKit.framework */,
				A4BC6EFC1A64F8AA00DAB499 /* MessageUI.framework */,
				A4BC6EF81A64F74C00DAB499 /* EventKit.framework */,
				A4BC6EF91A64F74C00DAB499 /* EventKitUI.framework */,
				A4BC6EF61A64F74000DAB499 /* CoreTelephony.framework */,
				A4BC6EF41A64F73600DAB499 /* CoreGraphics.framework */,
				A4BC6EF21A64F72E00DAB499 /* AVFoundation.framework */,
				A4BC6EF01A64F72200DAB499 /* AudioToolbox.framework */,
				A4BC6EEE1A64F71C00DAB499 /* AdSupport.framework */,
				18C3141E1A5D8A9C00AA78DA /* PicDifferent */,
				18C314381A5D8A9C00AA78DA /* PicDifferentTests */,
				18C3141D1A5D8A9C00AA78DA /* Products */,
			);
			sourceTree = "<group>";
		};
		18C3141D1A5D8A9C00AA78DA /* Products */ = {
			isa = PBXGroup;
			children = (
				18C3141C1A5D8A9C00AA78DA /* PicDifferent.app */,
				18C314351A5D8A9C00AA78DA /* PicDifferentTests.xctest */,
			);
			name = Products;
			sourceTree = "<group>";
		};
		18C3141E1A5D8A9C00AA78DA /* PicDifferent */ = {
			isa = PBXGroup;
			children = (
				A4BC6EC91A64EE2D00DAB499 /* Libraries */,
				18C314491A5D902F00AA78DA /* Models */,
				18C314451A5D8AC000AA78DA /* CustomViews */,
				18C314231A5D8A9C00AA78DA /* AppDelegate.h */,
				18C314241A5D8A9C00AA78DA /* AppDelegate.m */,
				18C314261A5D8A9C00AA78DA /* ViewController.h */,
				18C314271A5D8A9C00AA78DA /* ViewController.m */,
				18C314291A5D8A9C00AA78DA /* Main.storyboard */,
				18C3142C1A5D8A9C00AA78DA /* Images.xcassets */,
				18C3142E1A5D8A9C00AA78DA /* LaunchScreen.xib */,
				18C3141F1A5D8A9C00AA78DA /* Supporting Files */,
			);
			path = PicDifferent;
			sourceTree = "<group>";
		};
		18C3141F1A5D8A9C00AA78DA /* Supporting Files */ = {
			isa = PBXGroup;
			children = (
				18C314501A5D948600AA78DA /* Resources */,
				18C314201A5D8A9C00AA78DA /* Info.plist */,
				18C314211A5D8A9C00AA78DA /* main.m */,
			);
			name = "Supporting Files";
			sourceTree = "<group>";
		};
		18C314381A5D8A9C00AA78DA /* PicDifferentTests */ = {
			isa = PBXGroup;
			children = (
				18C3143B1A5D8A9C00AA78DA /* PicDifferentTests.m */,
				18C314391A5D8A9C00AA78DA /* Supporting Files */,
			);
			path = PicDifferentTests;
			sourceTree = "<group>";
		};
		18C314391A5D8A9C00AA78DA /* Supporting Files */ = {
			isa = PBXGroup;
			children = (
				18C3143A1A5D8A9C00AA78DA /* Info.plist */,
			);
			name = "Supporting Files";
			sourceTree = "<group>";
		};
		18C314451A5D8AC000AA78DA /* CustomViews */ = {
			isa = PBXGroup;
			children = (
				18C314461A5D8F2E00AA78DA /* TouchedImageView.h */,
				18C314471A5D8F2E00AA78DA /* TouchedImageView.m */,
				18BD52971A5ED7E200CA8589 /* CheckMarkListView.h */,
				18BD52981A5ED7E200CA8589 /* CheckMarkListView.m */,
				18BD529A1A5ED80A00CA8589 /* CheckMarkItemView.h */,
				18BD529B1A5ED80A00CA8589 /* CheckMarkItemView.m */,
			);
			name = CustomViews;
			sourceTree = "<group>";
		};
		18C314491A5D902F00AA78DA /* Models */ = {
			isa = PBXGroup;
			children = (
				18C3144A1A5D905300AA78DA /* MapImageData.h */,
				18C3144B1A5D905300AA78DA /* MapImageData.m */,
				18C3144D1A5D907B00AA78DA /* MarkPosition.h */,
				18C3144E1A5D907B00AA78DA /* MarkPosition.m */,
				18BD52A31A5F587E00CA8589 /* GameLevel.h */,
				18BD52A41A5F587E00CA8589 /* GameLevel.m */,
			);
			name = Models;
			sourceTree = "<group>";
		};
		18C314501A5D948600AA78DA /* Resources */ = {
			isa = PBXGroup;
			children = (
				18C314541A5D972E00AA78DA /* Images */,
				18C314511A5D948600AA78DA /* Icons */,
				18BD52A11A5F541000CA8589 /* GameData.plist */,
			);
			path = Resources;
			sourceTree = "<group>";
		};
		18C314511A5D948600AA78DA /* Icons */ = {
			isa = PBXGroup;
			children = (
				18BD529D1A5EDEDA00CA8589 /* ic_checked@2x.png */,
				18BD529E1A5EDEDA00CA8589 /* ic_unCheck@2x.png */,
				18C314591A5D9AB700AA78DA /* ic_refresh@2x.png */,
				18C314521A5D948600AA78DA /* ic_circle_check_mark@2x.png */,
			);
			path = Icons;
			sourceTree = "<group>";
		};
		18C314541A5D972E00AA78DA /* Images */ = {
			isa = PBXGroup;
			children = (
				18115B1F1A601CEC001CB7C4 /* leftImage02.png */,
				18115B201A601CEC001CB7C4 /* leftImage03.png */,
				18115B211A601CEC001CB7C4 /* rightImage02.png */,
				18115B221A601CEC001CB7C4 /* rightImage03.png */,
				18115B231A601CEC001CB7C4 /* leftImage01.png */,
				18115B241A601CEC001CB7C4 /* rightImage01.png */,
			);
			path = Images;
			sourceTree = "<group>";
		};
		A4BC6EC91A64EE2D00DAB499 /* Libraries */ = {
			isa = PBXGroup;
			children = (
				A4BC6ECA1A64EE2D00DAB499 /* GoogleMobileAdsSdkiOS */,
			);
			path = Libraries;
			sourceTree = "<group>";
		};
		A4BC6ECA1A64EE2D00DAB499 /* GoogleMobileAdsSdkiOS */ = {
			isa = PBXGroup;
			children = (
				A4BC6ECB1A64EE2D00DAB499 /* Includes */,
				A4BC6EEB1A64EE2D00DAB499 /* Libs */,
			);
			path = GoogleMobileAdsSdkiOS;
			sourceTree = "<group>";
		};
		A4BC6ECB1A64EE2D00DAB499 /* Includes */ = {
			isa = PBXGroup;
			children = (
				A4BC6ECC1A64EE2D00DAB499 /* Add-ons */,
				A4BC6EDF1A64EE2D00DAB499 /* GADAdMobExtras.h */,
				A4BC6EE01A64EE2D00DAB499 /* GADAdNetworkExtras.h */,
				A4BC6EE11A64EE2D00DAB499 /* GADAdSize.h */,
				A4BC6EE21A64EE2D00DAB499 /* GADBannerView.h */,
				A4BC6EE31A64EE2D00DAB499 /* GADBannerViewDelegate.h */,
				A4BC6EE41A64EE2D00DAB499 /* GADInAppPurchase.h */,
				A4BC6EE51A64EE2D00DAB499 /* GADInAppPurchaseDelegate.h */,
				A4BC6EE61A64EE2D00DAB499 /* GADInterstitial.h */,
				A4BC6EE71A64EE2D00DAB499 /* GADInterstitialDelegate.h */,
				A4BC6EE81A64EE2D00DAB499 /* GADModules.h */,
				A4BC6EE91A64EE2D00DAB499 /* GADRequest.h */,
				A4BC6EEA1A64EE2D00DAB499 /* GADRequestError.h */,
			);
			path = Includes;
			sourceTree = "<group>";
		};
		A4BC6ECC1A64EE2D00DAB499 /* Add-ons */ = {
			isa = PBXGroup;
			children = (
				A4BC6ECD1A64EE2D00DAB499 /* DoubleClick */,
				A4BC6ED51A64EE2D00DAB499 /* Mediation */,
				A4BC6EDC1A64EE2D00DAB499 /* Search */,
			);
			path = "Add-ons";
			sourceTree = "<group>";
		};
		A4BC6ECD1A64EE2D00DAB499 /* DoubleClick */ = {
			isa = PBXGroup;
			children = (
				A4BC6ECE1A64EE2D00DAB499 /* DFPBannerView.h */,
				A4BC6ECF1A64EE2D00DAB499 /* DFPExtras.h */,
				A4BC6ED01A64EE2D00DAB499 /* DFPInterstitial.h */,
				A4BC6ED11A64EE2D00DAB499 /* DFPSwipeableBannerView.h */,
				A4BC6ED21A64EE2D00DAB499 /* GADAdSizeDelegate.h */,
				A4BC6ED31A64EE2D00DAB499 /* GADAppEventDelegate.h */,
				A4BC6ED41A64EE2D00DAB499 /* GADSwipeableBannerViewDelegate.h */,
			);
			path = DoubleClick;
			sourceTree = "<group>";
		};
		A4BC6ED51A64EE2D00DAB499 /* Mediation */ = {
			isa = PBXGroup;
			children = (
				A4BC6ED61A64EE2D00DAB499 /* GADCustomEventBanner.h */,
				A4BC6ED71A64EE2D00DAB499 /* GADCustomEventBannerDelegate.h */,
				A4BC6ED81A64EE2D00DAB499 /* GADCustomEventExtras.h */,
				A4BC6ED91A64EE2D00DAB499 /* GADCustomEventInterstitial.h */,
				A4BC6EDA1A64EE2D00DAB499 /* GADCustomEventInterstitialDelegate.h */,
				A4BC6EDB1A64EE2D00DAB499 /* GADCustomEventRequest.h */,
			);
			path = Mediation;
			sourceTree = "<group>";
		};
		A4BC6EDC1A64EE2D00DAB499 /* Search */ = {
			isa = PBXGroup;
			children = (
				A4BC6EDD1A64EE2D00DAB499 /* GADSearchBannerView.h */,
				A4BC6EDE1A64EE2D00DAB499 /* GADSearchRequest.h */,
			);
			path = Search;
			sourceTree = "<group>";
		};
		A4BC6EEB1A64EE2D00DAB499 /* Libs */ = {
			isa = PBXGroup;
			children = (
				A4BC6EEC1A64EE2D00DAB499 /* libGoogleAdMobAds.a */,
			);
			path = Libs;
			sourceTree = "<group>";
		};
/* End PBXGroup section */

/* Begin PBXNativeTarget section */
		18C3141B1A5D8A9C00AA78DA /* PicDifferent */ = {
			isa = PBXNativeTarget;
			buildConfigurationList = 18C3143F1A5D8A9C00AA78DA /* Build configuration list for PBXNativeTarget "PicDifferent" */;
			buildPhases = (
				18C314181A5D8A9C00AA78DA /* Sources */,
				18C314191A5D8A9C00AA78DA /* Frameworks */,
				18C3141A1A5D8A9C00AA78DA /* Resources */,
			);
			buildRules = (
			);
			dependencies = (
			);
			name = PicDifferent;
			productName = PicDifferent;
			productReference = 18C3141C1A5D8A9C00AA78DA /* PicDifferent.app */;
			productType = "com.apple.product-type.application";
		};
		18C314341A5D8A9C00AA78DA /* PicDifferentTests */ = {
			isa = PBXNativeTarget;
			buildConfigurationList = 18C314421A5D8A9C00AA78DA /* Build configuration list for PBXNativeTarget "PicDifferentTests" */;
			buildPhases = (
				18C314311A5D8A9C00AA78DA /* Sources */,
				18C314321A5D8A9C00AA78DA /* Frameworks */,
				18C314331A5D8A9C00AA78DA /* Resources */,
			);
			buildRules = (
			);
			dependencies = (
				18C314371A5D8A9C00AA78DA /* PBXTargetDependency */,
			);
			name = PicDifferentTests;
			productName = PicDifferentTests;
			productReference = 18C314351A5D8A9C00AA78DA /* PicDifferentTests.xctest */;
			productType = "com.apple.product-type.bundle.unit-test";
		};
/* End PBXNativeTarget section */

/* Begin PBXProject section */
		18C314141A5D8A9C00AA78DA /* Project object */ = {
			isa = PBXProject;
			attributes = {
				LastUpgradeCheck = 0610;
				ORGANIZATIONNAME = KhoiSang;
				TargetAttributes = {
					18C3141B1A5D8A9C00AA78DA = {
						CreatedOnToolsVersion = 6.1;
						DevelopmentTeam = 37CSCT379W;
					};
					18C314341A5D8A9C00AA78DA = {
						CreatedOnToolsVersion = 6.1;
						DevelopmentTeam = 37CSCT379W;
						TestTargetID = 18C3141B1A5D8A9C00AA78DA;
					};
				};
			};
			buildConfigurationList = 18C314171A5D8A9C00AA78DA /* Build configuration list for PBXProject "PicDifferent" */;
			compatibilityVersion = "Xcode 3.2";
			developmentRegion = English;
			hasScannedForEncodings = 0;
			knownRegions = (
				en,
				Base,
			);
			mainGroup = 18C314131A5D8A9C00AA78DA;
			productRefGroup = 18C3141D1A5D8A9C00AA78DA /* Products */;
			projectDirPath = "";
			projectRoot = "";
			targets = (
				18C3141B1A5D8A9C00AA78DA /* PicDifferent */,
				18C314341A5D8A9C00AA78DA /* PicDifferentTests */,
			);
		};
/* End PBXProject section */

/* Begin PBXResourcesBuildPhase section */
		18C3141A1A5D8A9C00AA78DA /* Resources */ = {
			isa = PBXResourcesBuildPhase;
			buildActionMask = 2147483647;
			files = (
				18BD529F1A5EDEDA00CA8589 /* ic_checked@2x.png in Resources */,
				18C314531A5D948600AA78DA /* ic_circle_check_mark@2x.png in Resources */,
				18C3142B1A5D8A9C00AA78DA /* Main.storyboard in Resources */,
				18115B2A1A601CEC001CB7C4 /* rightImage01.png in Resources */,
				18115B281A601CEC001CB7C4 /* rightImage03.png in Resources */,
				18C314301A5D8A9C00AA78DA /* LaunchScreen.xib in Resources */,
				18115B251A601CEC001CB7C4 /* leftImage02.png in Resources */,
				18C3145A1A5D9AB700AA78DA /* ic_refresh@2x.png in Resources */,
				18115B291A601CEC001CB7C4 /* leftImage01.png in Resources */,
				18BD52A21A5F541000CA8589 /* GameData.plist in Resources */,
				18115B271A601CEC001CB7C4 /* rightImage02.png in Resources */,
				18BD52A01A5EDEDA00CA8589 /* ic_unCheck@2x.png in Resources */,
				18C3142D1A5D8A9C00AA78DA /* Images.xcassets in Resources */,
				18115B261A601CEC001CB7C4 /* leftImage03.png in Resources */,
			);
			runOnlyForDeploymentPostprocessing = 0;
		};
		18C314331A5D8A9C00AA78DA /* Resources */ = {
			isa = PBXResourcesBuildPhase;
			buildActionMask = 2147483647;
			files = (
			);
			runOnlyForDeploymentPostprocessing = 0;
		};
/* End PBXResourcesBuildPhase section */

/* Begin PBXSourcesBuildPhase section */
		18C314181A5D8A9C00AA78DA /* Sources */ = {
			isa = PBXSourcesBuildPhase;
			buildActionMask = 2147483647;
			files = (
				18C314281A5D8A9C00AA78DA /* ViewController.m in Sources */,
				18BD52A51A5F587E00CA8589 /* GameLevel.m in Sources */,
				18BD529C1A5ED80A00CA8589 /* CheckMarkItemView.m in Sources */,
				18BD52991A5ED7E200CA8589 /* CheckMarkListView.m in Sources */,
				18C3144C1A5D905300AA78DA /* MapImageData.m in Sources */,
				18C314251A5D8A9C00AA78DA /* AppDelegate.m in Sources */,
				18C3144F1A5D907B00AA78DA /* MarkPosition.m in Sources */,
				18C314221A5D8A9C00AA78DA /* main.m in Sources */,
				18C314481A5D8F2E00AA78DA /* TouchedImageView.m in Sources */,
			);
			runOnlyForDeploymentPostprocessing = 0;
		};
		18C314311A5D8A9C00AA78DA /* Sources */ = {
			isa = PBXSourcesBuildPhase;
			buildActionMask = 2147483647;
			files = (
				18C3143C1A5D8A9C00AA78DA /* PicDifferentTests.m in Sources */,
			);
			runOnlyForDeploymentPostprocessing = 0;
		};
/* End PBXSourcesBuildPhase section */

/* Begin PBXTargetDependency section */
		18C314371A5D8A9C00AA78DA /* PBXTargetDependency */ = {
			isa = PBXTargetDependency;
			target = 18C3141B1A5D8A9C00AA78DA /* PicDifferent */;
			targetProxy = 18C314361A5D8A9C00AA78DA /* PBXContainerItemProxy */;
		};
/* End PBXTargetDependency section */

/* Begin PBXVariantGroup section */
		18C314291A5D8A9C00AA78DA /* Main.storyboard */ = {
			isa = PBXVariantGroup;
			children = (
				18C3142A1A5D8A9C00AA78DA /* Base */,
			);
			name = Main.storyboard;
			sourceTree = "<group>";
		};
		18C3142E1A5D8A9C00AA78DA /* LaunchScreen.xib */ = {
			isa = PBXVariantGroup;
			children = (
				18C3142F1A5D8A9C00AA78DA /* Base */,
			);
			name = LaunchScreen.xib;
			sourceTree = "<group>";
		};
/* End PBXVariantGroup section */

/* Begin XCBuildConfiguration section */
		18C3143D1A5D8A9C00AA78DA /* Debug */ = {
			isa = XCBuildConfiguration;
			buildSettings = {
				ALWAYS_SEARCH_USER_PATHS = NO;
				CLANG_CXX_LANGUAGE_STANDARD = "gnu++0x";
				CLANG_CXX_LIBRARY = "libc++";
				CLANG_ENABLE_MODULES = YES;
				CLANG_ENABLE_OBJC_ARC = YES;
				CLANG_WARN_BOOL_CONVERSION = YES;
				CLANG_WARN_CONSTANT_CONVERSION = YES;
				CLANG_WARN_DIRECT_OBJC_ISA_USAGE = YES_ERROR;
				CLANG_WARN_EMPTY_BODY = YES;
				CLANG_WARN_ENUM_CONVERSION = YES;
				CLANG_WARN_INT_CONVERSION = YES;
				CLANG_WARN_OBJC_ROOT_CLASS = YES_ERROR;
				CLANG_WARN_UNREACHABLE_CODE = YES;
				CLANG_WARN__DUPLICATE_METHOD_MATCH = YES;
				"CODE_SIGN_IDENTITY[sdk=iphoneos*]" = "iPhone Developer";
				COPY_PHASE_STRIP = NO;
				ENABLE_STRICT_OBJC_MSGSEND = YES;
				GCC_C_LANGUAGE_STANDARD = gnu99;
				GCC_DYNAMIC_NO_PIC = NO;
				GCC_OPTIMIZATION_LEVEL = 0;
				GCC_PREPROCESSOR_DEFINITIONS = (
					"DEBUG=1",
					"$(inherited)",
				);
				GCC_SYMBOLS_PRIVATE_EXTERN = NO;
				GCC_WARN_64_TO_32_BIT_CONVERSION = YES;
				GCC_WARN_ABOUT_RETURN_TYPE = YES_ERROR;
				GCC_WARN_UNDECLARED_SELECTOR = YES;
				GCC_WARN_UNINITIALIZED_AUTOS = YES_AGGRESSIVE;
				GCC_WARN_UNUSED_FUNCTION = YES;
				GCC_WARN_UNUSED_VARIABLE = YES;
				IPHONEOS_DEPLOYMENT_TARGET = 8.1;
				MTL_ENABLE_DEBUG_INFO = YES;
				ONLY_ACTIVE_ARCH = YES;
				SDKROOT = iphoneos;
				TARGETED_DEVICE_FAMILY = "1,2";
			};
			name = Debug;
		};
		18C3143E1A5D8A9C00AA78DA /* Release */ = {
			isa = XCBuildConfiguration;
			buildSettings = {
				ALWAYS_SEARCH_USER_PATHS = NO;
				CLANG_CXX_LANGUAGE_STANDARD = "gnu++0x";
				CLANG_CXX_LIBRARY = "libc++";
				CLANG_ENABLE_MODULES = YES;
				CLANG_ENABLE_OBJC_ARC = YES;
				CLANG_WARN_BOOL_CONVERSION = YES;
				CLANG_WARN_CONSTANT_CONVERSION = YES;
				CLANG_WARN_DIRECT_OBJC_ISA_USAGE = YES_ERROR;
				CLANG_WARN_EMPTY_BODY = YES;
				CLANG_WARN_ENUM_CONVERSION = YES;
				CLANG_WARN_INT_CONVERSION = YES;
				CLANG_WARN_OBJC_ROOT_CLASS = YES_ERROR;
				CLANG_WARN_UNREACHABLE_CODE = YES;
				CLANG_WARN__DUPLICATE_METHOD_MATCH = YES;
				"CODE_SIGN_IDENTITY[sdk=iphoneos*]" = "iPhone Developer";
				COPY_PHASE_STRIP = YES;
				ENABLE_NS_ASSERTIONS = NO;
				ENABLE_STRICT_OBJC_MSGSEND = YES;
				GCC_C_LANGUAGE_STANDARD = gnu99;
				GCC_WARN_64_TO_32_BIT_CONVERSION = YES;
				GCC_WARN_ABOUT_RETURN_TYPE = YES_ERROR;
				GCC_WARN_UNDECLARED_SELECTOR = YES;
				GCC_WARN_UNINITIALIZED_AUTOS = YES_AGGRESSIVE;
				GCC_WARN_UNUSED_FUNCTION = YES;
				GCC_WARN_UNUSED_VARIABLE = YES;
				IPHONEOS_DEPLOYMENT_TARGET = 8.1;
				MTL_ENABLE_DEBUG_INFO = NO;
				SDKROOT = iphoneos;
				TARGETED_DEVICE_FAMILY = "1,2";
				VALIDATE_PRODUCT = YES;
			};
			name = Release;
		};
		18C314401A5D8A9C00AA78DA /* Debug */ = {
			isa = XCBuildConfiguration;
			buildSettings = {
				ASSETCATALOG_COMPILER_APPICON_NAME = AppIcon;
				CODE_SIGN_IDENTITY = "iPhone Developer: abc xyz (56XKYX4NM4)";
				INFOPLIST_FILE = PicDifferent/Info.plist;
				LD_RUNPATH_SEARCH_PATHS = "$(inherited) @executable_path/Frameworks";
				LIBRARY_SEARCH_PATHS = (
					"$(inherited)",
					"$(PROJECT_DIR)/PicDifferent/Libraries/GoogleMobileAdsSdkiOS/Libs",
				);
				OTHER_LDFLAGS = "-ObjC";
				PRODUCT_NAME = "$(TARGET_NAME)";
				PROVISIONING_PROFILE = "";
			};
			name = Debug;
		};
		18C314411A5D8A9C00AA78DA /* Release */ = {
			isa = XCBuildConfiguration;
			buildSettings = {
				ASSETCATALOG_COMPILER_APPICON_NAME = AppIcon;
				CODE_SIGN_IDENTITY = "iPhone Developer: abc xyz (56XKYX4NM4)";
				INFOPLIST_FILE = PicDifferent/Info.plist;
				LD_RUNPATH_SEARCH_PATHS = "$(inherited) @executable_path/Frameworks";
				LIBRARY_SEARCH_PATHS = (
					"$(inherited)",
					"$(PROJECT_DIR)/PicDifferent/Libraries/GoogleMobileAdsSdkiOS/Libs",
				);
				OTHER_LDFLAGS = "-ObjC";
				PRODUCT_NAME = "$(TARGET_NAME)";
				PROVISIONING_PROFILE = "";
			};
			name = Release;
		};
		18C314431A5D8A9C00AA78DA /* Debug */ = {
			isa = XCBuildConfiguration;
			buildSettings = {
				BUNDLE_LOADER = "$(TEST_HOST)";
				FRAMEWORK_SEARCH_PATHS = (
					"$(SDKROOT)/Developer/Library/Frameworks",
					"$(inherited)",
				);
				GCC_PREPROCESSOR_DEFINITIONS = (
					"DEBUG=1",
					"$(inherited)",
				);
				INFOPLIST_FILE = PicDifferentTests/Info.plist;
				LD_RUNPATH_SEARCH_PATHS = "$(inherited) @executable_path/Frameworks @loader_path/Frameworks";
				PRODUCT_NAME = "$(TARGET_NAME)";
				TEST_HOST = "$(BUILT_PRODUCTS_DIR)/PicDifferent.app/PicDifferent";
			};
			name = Debug;
		};
		18C314441A5D8A9C00AA78DA /* Release */ = {
			isa = XCBuildConfiguration;
			buildSettings = {
				BUNDLE_LOADER = "$(TEST_HOST)";
				FRAMEWORK_SEARCH_PATHS = (
					"$(SDKROOT)/Developer/Library/Frameworks",
					"$(inherited)",
				);
				INFOPLIST_FILE = PicDifferentTests/Info.plist;
				LD_RUNPATH_SEARCH_PATHS = "$(inherited) @executable_path/Frameworks @loader_path/Frameworks";
				PRODUCT_NAME = "$(TARGET_NAME)";
				TEST_HOST = "$(BUILT_PRODUCTS_DIR)/PicDifferent.app/PicDifferent";
			};
			name = Release;
		};
/* End XCBuildConfiguration section */

/* Begin XCConfigurationList section */
		18C314171A5D8A9C00AA78DA /* Build configuration list for PBXProject "PicDifferent" */ = {
			isa = XCConfigurationList;
			buildConfigurations = (
				18C3143D1A5D8A9C00AA78DA /* Debug */,
				18C3143E1A5D8A9C00AA78DA /* Release */,
			);
			defaultConfigurationIsVisible = 0;
			defaultConfigurationName = Release;
		};
		18C3143F1A5D8A9C00AA78DA /* Build configuration list for PBXNativeTarget "PicDifferent" */ = {
			isa = XCConfigurationList;
			buildConfigurations = (
				18C314401A5D8A9C00AA78DA /* Debug */,
				18C314411A5D8A9C00AA78DA /* Release */,
			);
			defaultConfigurationIsVisible = 0;
			defaultConfigurationName = Release;
		};
		18C314421A5D8A9C00AA78DA /* Build configuration list for PBXNativeTarget "PicDifferentTests" */ = {
			isa = XCConfigurationList;
			buildConfigurations = (
				18C314431A5D8A9C00AA78DA /* Debug */,
				18C314441A5D8A9C00AA78DA /* Release */,
			);
			defaultConfigurationIsVisible = 0;
			defaultConfigurationName = Release;
		};
/* End XCConfigurationList section */
	};
	rootObject = 18C314141A5D8A9C00AA78DA /* Project object */;
}
